// !$*UTF8*$!
{
	archiveVersion = 1;
	classes = {
	};
	objectVersion = 46;
	objects = {

/* Begin PBXBuildFile section */
		96C68CC91A55904C00E9DF90 /* Foundation.framework in Frameworks */ = {isa = PBXBuildFile; fileRef = 96C68CC81A55904C00E9DF90 /* Foundation.framework */; };
		96C68CCB1A55904C00E9DF90 /* CoreGraphics.framework in Frameworks */ = {isa = PBXBuildFile; fileRef = 96C68CCA1A55904C00E9DF90 /* CoreGraphics.framework */; };
		96C68CCD1A55904C00E9DF90 /* UIKit.framework in Frameworks */ = {isa = PBXBuildFile; fileRef = 96C68CCC1A55904C00E9DF90 /* UIKit.framework */; };
		96C68CD31A55904C00E9DF90 /* InfoPlist.strings in Resources */ = {isa = PBXBuildFile; fileRef = 96C68CD11A55904C00E9DF90 /* InfoPlist.strings */; };
		96C68CD51A55904C00E9DF90 /* main.m in Sources */ = {isa = PBXBuildFile; fileRef = 96C68CD41A55904C00E9DF90 /* main.m */; };
		96C68CD91A55904C00E9DF90 /* AppDelegate.m in Sources */ = {isa = PBXBuildFile; fileRef = 96C68CD81A55904C00E9DF90 /* AppDelegate.m */; };
		96C68CDC1A55904C00E9DF90 /* Main.storyboard in Resources */ = {isa = PBXBuildFile; fileRef = 96C68CDA1A55904C00E9DF90 /* Main.storyboard */; };
		96C68CDF1A55904C00E9DF90 /* ViewController.m in Sources */ = {isa = PBXBuildFile; fileRef = 96C68CDE1A55904C00E9DF90 /* ViewController.m */; };
		96C68CE11A55904C00E9DF90 /* Images.xcassets in Resources */ = {isa = PBXBuildFile; fileRef = 96C68CE01A55904C00E9DF90 /* Images.xcassets */; };
		96C68CE81A55904C00E9DF90 /* XCTest.framework in Frameworks */ = {isa = PBXBuildFile; fileRef = 96C68CE71A55904C00E9DF90 /* XCTest.framework */; };
		96C68CE91A55904C00E9DF90 /* Foundation.framework in Frameworks */ = {isa = PBXBuildFile; fileRef = 96C68CC81A55904C00E9DF90 /* Foundation.framework */; };
		96C68CEA1A55904C00E9DF90 /* UIKit.framework in Frameworks */ = {isa = PBXBuildFile; fileRef = 96C68CCC1A55904C00E9DF90 /* UIKit.framework */; };
		96C68CF21A55904C00E9DF90 /* InfoPlist.strings in Resources */ = {isa = PBXBuildFile; fileRef = 96C68CF01A55904C00E9DF90 /* InfoPlist.strings */; };
		96C68CF41A55904C00E9DF90 /* MyFirstApplicationTests.m in Sources */ = {isa = PBXBuildFile; fileRef = 96C68CF31A55904C00E9DF90 /* MyFirstApplicationTests.m */; };
		96C68CFE1A55ABB800E9DF90 /* images-2.jpeg in Resources */ = {isa = PBXBuildFile; fileRef = 96C68CFD1A55ABB800E9DF90 /* images-2.jpeg */; };
/* End PBXBuildFile section */

/* Begin PBXContainerItemProxy section */
		96C68CEB1A55904C00E9DF90 /* PBXContainerItemProxy */ = {
			isa = PBXContainerItemProxy;
			containerPortal = 96C68CBD1A55904C00E9DF90 /* Project object */;
			proxyType = 1;
			remoteGlobalIDString = 96C68CC41A55904C00E9DF90;
			remoteInfo = MyFirstApplication;
		};
/* End PBXContainerItemProxy section */

/* Begin PBXFileReference section */
		96C68CC51A55904C00E9DF90 /* MyFirstApplication.app */ = {isa = PBXFileReference; explicitFileType = wrapper.application; includeInIndex = 0; path = MyFirstApplication.app; sourceTree = BUILT_PRODUCTS_DIR; };
		96C68CC81A55904C00E9DF90 /* Foundation.framework */ = {isa = PBXFileReference; lastKnownFileType = wrapper.framework; name = Foundation.framework; path = System/Library/Frameworks/Foundation.framework; sourceTree = SDKROOT; };
		96C68CCA1A55904C00E9DF90 /* CoreGraphics.framework */ = {isa = PBXFileReference; lastKnownFileType = wrapper.framework; name = CoreGraphics.framework; path = System/Library/Frameworks/CoreGraphics.framework; sourceTree = SDKROOT; };
		96C68CCC1A55904C00E9DF90 /* UIKit.framework */ = {isa = PBXFileReference; lastKnownFileType = wrapper.framework; name = UIKit.framework; path = System/Library/Frameworks/UIKit.framework; sourceTree = SDKROOT; };
		96C68CD01A55904C00E9DF90 /* MyFirstApplication-Info.plist */ = {isa = PBXFileReference; lastKnownFileType = text.plist.xml; path = "MyFirstApplication-Info.plist"; sourceTree = "<group>"; };
		96C68CD21A55904C00E9DF90 /* en */ = {isa = PBXFileReference; lastKnownFileType = text.plist.strings; name = en; path = en.lproj/InfoPlist.strings; sourceTree = "<group>"; };
		96C68CD41A55904C00E9DF90 /* main.m */ = {isa = PBXFileReference; lastKnownFileType = sourcecode.c.objc; path = main.m; sourceTree = "<group>"; };
		96C68CD61A55904C00E9DF90 /* MyFirstApplication-Prefix.pch */ = {isa = PBXFileReference; lastKnownFileType = sourcecode.c.h; path = "MyFirstApplication-Prefix.pch"; sourceTree = "<group>"; };
		96C68CD71A55904C00E9DF90 /* AppDelegate.h */ = {isa = PBXFileReference; lastKnownFileType = sourcecode.c.h; path = AppDelegate.h; sourceTree = "<group>"; };
		96C68CD81A55904C00E9DF90 /* AppDelegate.m */ = {isa = PBXFileReference; lastKnownFileType = sourcecode.c.objc; path = AppDelegate.m; sourceTree = "<group>"; };
		96C68CDB1A55904C00E9DF90 /* Base */ = {isa = PBXFileReference; lastKnownFileType = file.storyboard; name = Base; path = Base.lproj/Main.storyboard; sourceTree = "<group>"; };
		96C68CDD1A55904C00E9DF90 /* ViewController.h */ = {isa = PBXFileReference; lastKnownFileType = sourcecode.c.h; path = ViewController.h; sourceTree = "<group>"; };
		96C68CDE1A55904C00E9DF90 /* ViewController.m */ = {isa = PBXFileReference; lastKnownFileType = sourcecode.c.objc; path = ViewController.m; sourceTree = "<group>"; };
		96C68CE01A55904C00E9DF90 /* Images.xcassets */ = {isa = PBXFileReference; lastKnownFileType = folder.assetcatalog; path = Images.xcassets; sourceTree = "<group>"; };
		96C68CE61A55904C00E9DF90 /* MyFirstApplicationTests.xctest */ = {isa = PBXFileReference; explicitFileType = wrapper.cfbundle; includeInIndex = 0; path = MyFirstApplicationTests.xctest; sourceTree = BUILT_PRODUCTS_DIR; };
		96C68CE71A55904C00E9DF90 /* XCTest.framework */ = {isa = PBXFileReference; lastKnownFileType = wrapper.framework; name = XCTest.framework; path = Library/Frameworks/XCTest.framework; sourceTree = DEVELOPER_DIR; };
		96C68CEF1A55904C00E9DF90 /* MyFirstApplicationTests-Info.plist */ = {isa = PBXFileReference; lastKnownFileType = text.plist.xml; path = "MyFirstApplicationTests-Info.plist"; sourceTree = "<group>"; };
		96C68CF11A55904C00E9DF90 /* en */ = {isa = PBXFileReference; lastKnownFileType = text.plist.strings; name = en; path = en.lproj/InfoPlist.strings; sourceTree = "<group>"; };
		96C68CF31A55904C00E9DF90 /* MyFirstApplicationTests.m */ = {isa = PBXFileReference; lastKnownFileType = sourcecode.c.objc; path = MyFirstApplicationTests.m; sourceTree = "<group>"; };
		96C68CFD1A55ABB800E9DF90 /* images-2.jpeg */ = {isa = PBXFileReference; lastKnownFileType = image.jpeg; path = "images-2.jpeg"; sourceTree = "<group>"; };
/* End PBXFileReference section */

/* Begin PBXFrameworksBuildPhase section */
		96C68CC21A55904C00E9DF90 /* Frameworks */ = {
			isa = PBXFrameworksBuildPhase;
			buildActionMask = 2147483647;
			files = (
				96C68CCB1A55904C00E9DF90 /* CoreGraphics.framework in Frameworks */,
				96C68CCD1A55904C00E9DF90 /* UIKit.framework in Frameworks */,
				96C68CC91A55904C00E9DF90 /* Foundation.framework in Frameworks */,
			);
			runOnlyForDeploymentPostprocessing = 0;
		};
		96C68CE31A55904C00E9DF90 /* Frameworks */ = {
			isa = PBXFrameworksBuildPhase;
			buildActionMask = 2147483647;
			files = (
				96C68CE81A55904C00E9DF90 /* XCTest.framework in Frameworks */,
				96C68CEA1A55904C00E9DF90 /* UIKit.framework in Frameworks */,
				96C68CE91A55904C00E9DF90 /* Foundation.framework in Frameworks */,
			);
			runOnlyForDeploymentPostprocessing = 0;
		};
/* End PBXFrameworksBuildPhase section */

/* Begin PBXGroup section */
		96C68CBC1A55904C00E9DF90 = {
			isa = PBXGroup;
			children = (
				96C68CCE1A55904C00E9DF90 /* MyFirstApplication */,
				96C68CED1A55904C00E9DF90 /* MyFirstApplicationTests */,
				96C68CC71A55904C00E9DF90 /* Frameworks */,
				96C68CC61A55904C00E9DF90 /* Products */,
			);
			sourceTree = "<group>";
		};
		96C68CC61A55904C00E9DF90 /* Products */ = {
			isa = PBXGroup;
			children = (
				96C68CC51A55904C00E9DF90 /* MyFirstApplication.app */,
				96C68CE61A55904C00E9DF90 /* MyFirstApplicationTests.xctest */,
			);
			name = Products;
			sourceTree = "<group>";
		};
		96C68CC71A55904C00E9DF90 /* Frameworks */ = {
			isa = PBXGroup;
			children = (
				96C68CC81A55904C00E9DF90 /* Foundation.framework */,
				96C68CCA1A55904C00E9DF90 /* CoreGraphics.framework */,
				96C68CCC1A55904C00E9DF90 /* UIKit.framework */,
				96C68CE71A55904C00E9DF90 /* XCTest.framework */,
			);
			name = Frameworks;
			sourceTree = "<group>";
		};
		96C68CCE1A55904C00E9DF90 /* MyFirstApplication */ = {
			isa = PBXGroup;
			children = (
				96C68CD71A55904C00E9DF90 /* AppDelegate.h */,
				96C68CD81A55904C00E9DF90 /* AppDelegate.m */,
				96C68CDA1A55904C00E9DF90 /* Main.storyboard */,
				96C68CDD1A55904C00E9DF90 /* ViewController.h */,
				96C68CDE1A55904C00E9DF90 /* ViewController.m */,
				96C68CE01A55904C00E9DF90 /* Images.xcassets */,
				96C68CCF1A55904C00E9DF90 /* Supporting Files */,
			);
			path = MyFirstApplication;
			sourceTree = "<group>";
		};
		96C68CCF1A55904C00E9DF90 /* Supporting Files */ = {
			isa = PBXGroup;
			children = (
				96C68CFD1A55ABB800E9DF90 /* images-2.jpeg */,
				96C68CD01A55904C00E9DF90 /* MyFirstApplication-Info.plist */,
				96C68CD11A55904C00E9DF90 /* InfoPlist.strings */,
				96C68CD41A55904C00E9DF90 /* main.m */,
				96C68CD61A55904C00E9DF90 /* MyFirstApplication-Prefix.pch */,
			);
			name = "Supporting Files";
			sourceTree = "<group>";
		};
		96C68CED1A55904C00E9DF90 /* MyFirstApplicationTests */ = {
			isa = PBXGroup;
			children = (
				96C68CF31A55904C00E9DF90 /* MyFirstApplicationTests.m */,
				96C68CEE1A55904C00E9DF90 /* Supporting Files */,
			);
			path = MyFirstApplicationTests;
			sourceTree = "<group>";
		};
		96C68CEE1A55904C00E9DF90 /* Supporting Files */ = {
			isa = PBXGroup;
			children = (
				96C68CEF1A55904C00E9DF90 /* MyFirstApplicationTests-Info.plist */,
				96C68CF01A55904C00E9DF90 /* InfoPlist.strings */,
			);
			name = "Supporting Files";
			sourceTree = "<group>";
		};
/* End PBXGroup section */

/* Begin PBXNativeTarget section */
		96C68CC41A55904C00E9DF90 /* MyFirstApplication */ = {
			isa = PBXNativeTarget;
			buildConfigurationList = 96C68CF71A55904C00E9DF90 /* Build configuration list for PBXNativeTarget "MyFirstApplication" */;
			buildPhases = (
				96C68CC11A55904C00E9DF90 /* Sources */,
				96C68CC21A55904C00E9DF90 /* Frameworks */,
				96C68CC31A55904C00E9DF90 /* Resources */,
			);
			buildRules = (
			);
			dependencies = (
			);
			name = MyFirstApplication;
			productName = MyFirstApplication;
			productReference = 96C68CC51A55904C00E9DF90 /* MyFirstApplication.app */;
			productType = "com.apple.product-type.application";
		};
		96C68CE51A55904C00E9DF90 /* MyFirstApplicationTests */ = {
			isa = PBXNativeTarget;
			buildConfigurationList = 96C68CFA1A55904C00E9DF90 /* Build configuration list for PBXNativeTarget "MyFirstApplicationTests" */;
			buildPhases = (
				96C68CE21A55904C00E9DF90 /* Sources */,
				96C68CE31A55904C00E9DF90 /* Frameworks */,
				96C68CE41A55904C00E9DF90 /* Resources */,
			);
			buildRules = (
			);
			dependencies = (
				96C68CEC1A55904C00E9DF90 /* PBXTargetDependency */,
			);
			name = MyFirstApplicationTests;
			productName = MyFirstApplicationTests;
			productReference = 96C68CE61A55904C00E9DF90 /* MyFirstApplicationTests.xctest */;
			productType = "com.apple.product-type.bundle.unit-test";
		};
/* End PBXNativeTarget section */

/* Begin PBXProject section */
		96C68CBD1A55904C00E9DF90 /* Project object */ = {
			isa = PBXProject;
			attributes = {
				LastUpgradeCheck = 0510;
				ORGANIZATIONNAME = "Jim Veneskey";
				TargetAttributes = {
					96C68CE51A55904C00E9DF90 = {
						TestTargetID = 96C68CC41A55904C00E9DF90;
					};
				};
			};
			buildConfigurationList = 96C68CC01A55904C00E9DF90 /* Build configuration list for PBXProject "MyFirstApplication" */;
			compatibilityVersion = "Xcode 3.2";
			developmentRegion = English;
			hasScannedForEncodings = 0;
			knownRegions = (
				en,
				Base,
			);
			mainGroup = 96C68CBC1A55904C00E9DF90;
			productRefGroup = 96C68CC61A55904C00E9DF90 /* Products */;
			projectDirPath = "";
			projectRoot = "";
			targets = (
				96C68CC41A55904C00E9DF90 /* MyFirstApplication */,
				96C68CE51A55904C00E9DF90 /* MyFirstApplicationTests */,
			);
		};
/* End PBXProject section */

/* Begin PBXResourcesBuildPhase section */
		96C68CC31A55904C00E9DF90 /* Resources */ = {
			isa = PBXResourcesBuildPhase;
			buildActionMask = 2147483647;
			files = (
				96C68CE11A55904C00E9DF90 /* Images.xcassets in Resources */,
				96C68CD31A55904C00E9DF90 /* InfoPlist.strings in Resources */,
				96C68CFE1A55ABB800E9DF90 /* images-2.jpeg in Resources */,
				96C68CDC1A55904C00E9DF90 /* Main.storyboard in Resources */,
			);
			runOnlyForDeploymentPostprocessing = 0;
		};
		96C68CE41A55904C00E9DF90 /* Resources */ = {
			isa = PBXResourcesBuildPhase;
			buildActionMask = 2147483647;
			files = (
				96C68CF21A55904C00E9DF90 /* InfoPlist.strings in Resources */,
			);
			runOnlyForDeploymentPostprocessing = 0;
		};
/* End PBXResourcesBuildPhase section */

/* Begin PBXSourcesBuildPhase section */
		96C68CC11A55904C00E9DF90 /* Sources */ = {
			isa = PBXSourcesBuildPhase;
			buildActionMask = 2147483647;
			files = (
				96C68CDF1A55904C00E9DF90 /* ViewController.m in Sources */,
				96C68CD91A55904C00E9DF90 /* AppDelegate.m in Sources */,
				96C68CD51A55904C00E9DF90 /* main.m in Sources */,
			);
			runOnlyForDeploymentPostprocessing = 0;
		};
		96C68CE21A55904C00E9DF90 /* Sources */ = {
			isa = PBXSourcesBuildPhase;
			buildActionMask = 2147483647;
			files = (
				96C68CF41A55904C00E9DF90 /* MyFirstApplicationTests.m in Sources */,
			);
			runOnlyForDeploymentPostprocessing = 0;
		};
/* End PBXSourcesBuildPhase section */

/* Begin PBXTargetDependency section */
		96C68CEC1A55904C00E9DF90 /* PBXTargetDependency */ = {
			isa = PBXTargetDependency;
			target = 96C68CC41A55904C00E9DF90 /* MyFirstApplication */;
			targetProxy = 96C68CEB1A55904C00E9DF90 /* PBXContainerItemProxy */;
		};
/* End PBXTargetDependency section */

/* Begin PBXVariantGroup section */
		96C68CD11A55904C00E9DF90 /* InfoPlist.strings */ = {
			isa = PBXVariantGroup;
			children = (
				96C68CD21A55904C00E9DF90 /* en */,
			);
			name = InfoPlist.strings;
			sourceTree = "<group>";
		};
		96C68CDA1A55904C00E9DF90 /* Main.storyboard */ = {
			isa = PBXVariantGroup;
			children = (
				96C68CDB1A55904C00E9DF90 /* Base */,
			);
			name = Main.storyboard;
			sourceTree = "<group>";
		};
		96C68CF01A55904C00E9DF90 /* InfoPlist.strings */ = {
			isa = PBXVariantGroup;
			children = (
				96C68CF11A55904C00E9DF90 /* en */,
			);
			name = InfoPlist.strings;
			sourceTree = "<group>";
		};
/* End PBXVariantGroup section */

/* Begin XCBuildConfiguration section */
		96C68CF51A55904C00E9DF90 /* Debug */ = {
			isa = XCBuildConfiguration;
			buildSettings = {
				ALWAYS_SEARCH_USER_PATHS = NO;
				CLANG_CXX_LANGUAGE_STANDARD = "gnu++0x";
				CLANG_CXX_LIBRARY = "libc++";
				CLANG_ENABLE_MODULES = YES;
				CLANG_ENABLE_OBJC_ARC = YES;
				CLANG_WARN_BOOL_CONVERSION = YES;
				CLANG_WARN_CONSTANT_CONVERSION = YES;
				CLANG_WARN_DIRECT_OBJC_ISA_USAGE = YES_ERROR;
				CLANG_WARN_EMPTY_BODY = YES;
				CLANG_WARN_ENUM_CONVERSION = YES;
				CLANG_WARN_INT_CONVERSION = YES;
				CLANG_WARN_OBJC_ROOT_CLASS = YES_ERROR;
				CLANG_WARN__DUPLICATE_METHOD_MATCH = YES;
				"CODE_SIGN_IDENTITY[sdk=iphoneos*]" = "iPhone Developer";
				COPY_PHASE_STRIP = NO;
				GCC_C_LANGUAGE_STANDARD = gnu99;
				GCC_DYNAMIC_NO_PIC = NO;
				GCC_OPTIMIZATION_LEVEL = 0;
				GCC_PREPROCESSOR_DEFINITIONS = (
					"DEBUG=1",
					"$(inherited)",
				);
				GCC_SYMBOLS_PRIVATE_EXTERN = NO;
				GCC_WARN_64_TO_32_BIT_CONVERSION = YES;
				GCC_WARN_ABOUT_RETURN_TYPE = YES_ERROR;
				GCC_WARN_UNDECLARED_SELECTOR = YES;
				GCC_WARN_UNINITIALIZED_AUTOS = YES_AGGRESSIVE;
				GCC_WARN_UNUSED_FUNCTION = YES;
				GCC_WARN_UNUSED_VARIABLE = YES;
				IPHONEOS_DEPLOYMENT_TARGET = 7.1;
				ONLY_ACTIVE_ARCH = YES;
				SDKROOT = iphoneos;
			};
			name = Debug;
		};
		96C68CF61A55904C00E9DF90 /* Release */ = {
			isa = XCBuildConfiguration;
			buildSettings = {
				ALWAYS_SEARCH_USER_PATHS = NO;
				CLANG_CXX_LANGUAGE_STANDARD = "gnu++0x";
				CLANG_CXX_LIBRARY = "libc++";
				CLANG_ENABLE_MODULES = YES;
				CLANG_ENABLE_OBJC_ARC = YES;
				CLANG_WARN_BOOL_CONVERSION = YES;
				CLANG_WARN_CONSTANT_CONVERSION = YES;
				CLANG_WARN_DIRECT_OBJC_ISA_USAGE = YES_ERROR;
				CLANG_WARN_EMPTY_BODY = YES;
				CLANG_WARN_ENUM_CONVERSION = YES;
				CLANG_WARN_INT_CONVERSION = YES;
				CLANG_WARN_OBJC_ROOT_CLASS = YES_ERROR;
				CLANG_WARN__DUPLICATE_METHOD_MATCH = YES;
				"CODE_SIGN_IDENTITY[sdk=iphoneos*]" = "iPhone Developer";
				COPY_PHASE_STRIP = YES;
				ENABLE_NS_ASSERTIONS = NO;
				GCC_C_LANGUAGE_STANDARD = gnu99;
				GCC_WARN_64_TO_32_BIT_CONVERSION = YES;
				GCC_WARN_ABOUT_RETURN_TYPE = YES_ERROR;
				GCC_WARN_UNDECLARED_SELECTOR = YES;
				GCC_WARN_UNINITIALIZED_AUTOS = YES_AGGRESSIVE;
				GCC_WARN_UNUSED_FUNCTION = YES;
				GCC_WARN_UNUSED_VARIABLE = YES;
				IPHONEOS_DEPLOYMENT_TARGET = 7.1;
				SDKROOT = iphoneos;
				VALIDATE_PRODUCT = YES;
			};
			name = Release;
		};
		96C68CF81A55904C00E9DF90 /* Debug */ = {
			isa = XCBuildConfiguration;
			buildSettings = {
				ASSETCATALOG_COMPILER_APPICON_NAME = AppIcon;
				ASSETCATALOG_COMPILER_LAUNCHIMAGE_NAME = LaunchImage;
				GCC_PRECOMPILE_PREFIX_HEADER = YES;
				GCC_PREFIX_HEADER = "MyFirstApplication/MyFirstApplication-Prefix.pch";
				INFOPLIST_FILE = "MyFirstApplication/MyFirstApplication-Info.plist";
				PRODUCT_NAME = "$(TARGET_NAME)";
				WRAPPER_EXTENSION = app;
			};
			name = Debug;
		};
		96C68CF91A55904C00E9DF90 /* Release */ = {
			isa = XCBuildConfiguration;
			buildSettings = {
				ASSETCATALOG_COMPILER_APPICON_NAME = AppIcon;
				ASSETCATALOG_COMPILER_LAUNCHIMAGE_NAME = LaunchImage;
				GCC_PRECOMPILE_PREFIX_HEADER = YES;
				GCC_PREFIX_HEADER = "MyFirstApplication/MyFirstApplication-Prefix.pch";
				INFOPLIST_FILE = "MyFirstApplication/MyFirstApplication-Info.plist";
				PRODUCT_NAME = "$(TARGET_NAME)";
				WRAPPER_EXTENSION = app;
			};
			name = Release;
		};
		96C68CFB1A55904C00E9DF90 /* Debug */ = {
			isa = XCBuildConfiguration;
			buildSettings = {
				BUNDLE_LOADER = "$(BUILT_PRODUCTS_DIR)/MyFirstApplication.app/MyFirstApplication";
				FRAMEWORK_SEARCH_PATHS = (
					"$(SDKROOT)/Developer/Library/Frameworks",
					"$(inherited)",
					"$(DEVELOPER_FRAMEWORKS_DIR)",
				);
				GCC_PRECOMPILE_PREFIX_HEADER = YES;
				GCC_PREFIX_HEADER = "MyFirstApplication/MyFirstApplication-Prefix.pch";
				GCC_PREPROCESSOR_DEFINITIONS = (
					"DEBUG=1",
					"$(inherited)",
				);
				INFOPLIST_FILE = "MyFirstApplicationTests/MyFirstApplicationTests-Info.plist";
				PRODUCT_NAME = "$(TARGET_NAME)";
				TEST_HOST = "$(BUNDLE_LOADER)";
				WRAPPER_EXTENSION = xctest;
			};
			name = Debug;
		};
		96C68CFC1A55904C00E9DF90 /* Release */ = {
			isa = XCBuildConfiguration;
			buildSettings = {
				BUNDLE_LOADER = "$(BUILT_PRODUCTS_DIR)/MyFirstApplication.app/MyFirstApplication";
				FRAMEWORK_SEARCH_PATHS = (
					"$(SDKROOT)/Developer/Library/Frameworks",
					"$(inherited)",
					"$(DEVELOPER_FRAMEWORKS_DIR)",
				);
				GCC_PRECOMPILE_PREFIX_HEADER = YES;
				GCC_PREFIX_HEADER = "MyFirstApplication/MyFirstApplication-Prefix.pch";
				INFOPLIST_FILE = "MyFirstApplicationTests/MyFirstApplicationTests-Info.plist";
				PRODUCT_NAME = "$(TARGET_NAME)";
				TEST_HOST = "$(BUNDLE_LOADER)";
				WRAPPER_EXTENSION = xctest;
			};
			name = Release;
		};
/* End XCBuildConfiguration section */

/* Begin XCConfigurationList section */
		96C68CC01A55904C00E9DF90 /* Build configuration list for PBXProject "MyFirstApplication" */ = {
			isa = XCConfigurationList;
			buildConfigurations = (
				96C68CF51A55904C00E9DF90 /* Debug */,
				96C68CF61A55904C00E9DF90 /* Release */,
			);
			defaultConfigurationIsVisible = 0;
			defaultConfigurationName = Release;
		};
		96C68CF71A55904C00E9DF90 /* Build configuration list for PBXNativeTarget "MyFirstApplication" */ = {
			isa = XCConfigurationList;
			buildConfigurations = (
				96C68CF81A55904C00E9DF90 /* Debug */,
				96C68CF91A55904C00E9DF90 /* Release */,
			);
			defaultConfigurationIsVisible = 0;
		};
		96C68CFA1A55904C00E9DF90 /* Build configuration list for PBXNativeTarget "MyFirstApplicationTests" */ = {
			isa = XCConfigurationList;
			buildConfigurations = (
				96C68CFB1A55904C00E9DF90 /* Debug */,
				96C68CFC1A55904C00E9DF90 /* Release */,
			);
			defaultConfigurationIsVisible = 0;
		};
/* End XCConfigurationList section */
	};
	rootObject = 96C68CBD1A55904C00E9DF90 /* Project object */;
}
